// !$*UTF8*$!
{
	archiveVersion = 1;
	classes = {
	};
	objectVersion = 51;
	objects = {

/* Begin PBXBuildFile section */
		61AFC517230C6FC70068A077 /* AppDelegate.swift in Sources */ = {isa = PBXBuildFile; fileRef = 61AFC516230C6FC70068A077 /* AppDelegate.swift */; };
		61AFC519230C6FC70068A077 /* ViewController.swift in Sources */ = {isa = PBXBuildFile; fileRef = 61AFC518230C6FC70068A077 /* ViewController.swift */; };
		61AFC51C230C6FC70068A077 /* Main.storyboard in Resources */ = {isa = PBXBuildFile; fileRef = 61AFC51A230C6FC70068A077 /* Main.storyboard */; };
		61AFC51E230C6FC80068A077 /* Assets.xcassets in Resources */ = {isa = PBXBuildFile; fileRef = 61AFC51D230C6FC80068A077 /* Assets.xcassets */; };
		61AFC521230C6FC80068A077 /* LaunchScreen.storyboard in Resources */ = {isa = PBXBuildFile; fileRef = 61AFC51F230C6FC80068A077 /* LaunchScreen.storyboard */; };
		61AFC529230C79CF0068A077 /* ModelAnimation.swift in Sources */ = {isa = PBXBuildFile; fileRef = 61AFC528230C79CF0068A077 /* ModelAnimation.swift */; };
		6D9A3304B7CB335B035C7880 /* Pods_VostrikovAS_HW2_9.framework in Frameworks */ = {isa = PBXBuildFile; fileRef = C21FBA464F9FE4224331D635 /* Pods_VostrikovAS_HW2_9.framework */; };
/* End PBXBuildFile section */

/* Begin PBXFileReference section */
		61AFC513230C6FC70068A077 /* VostrikovAS_HW2.9.app */ = {isa = PBXFileReference; explicitFileType = wrapper.application; includeInIndex = 0; path = VostrikovAS_HW2.9.app; sourceTree = BUILT_PRODUCTS_DIR; };
		61AFC516230C6FC70068A077 /* AppDelegate.swift */ = {isa = PBXFileReference; lastKnownFileType = sourcecode.swift; path = AppDelegate.swift; sourceTree = "<group>"; };
		61AFC518230C6FC70068A077 /* ViewController.swift */ = {isa = PBXFileReference; lastKnownFileType = sourcecode.swift; path = ViewController.swift; sourceTree = "<group>"; };
		61AFC51B230C6FC70068A077 /* Base */ = {isa = PBXFileReference; lastKnownFileType = file.storyboard; name = Base; path = Base.lproj/Main.storyboard; sourceTree = "<group>"; };
		61AFC51D230C6FC80068A077 /* Assets.xcassets */ = {isa = PBXFileReference; lastKnownFileType = folder.assetcatalog; path = Assets.xcassets; sourceTree = "<group>"; };
		61AFC520230C6FC80068A077 /* Base */ = {isa = PBXFileReference; lastKnownFileType = file.storyboard; name = Base; path = Base.lproj/LaunchScreen.storyboard; sourceTree = "<group>"; };
		61AFC522230C6FC80068A077 /* Info.plist */ = {isa = PBXFileReference; lastKnownFileType = text.plist.xml; path = Info.plist; sourceTree = "<group>"; };
		61AFC528230C79CF0068A077 /* ModelAnimation.swift */ = {isa = PBXFileReference; lastKnownFileType = sourcecode.swift; path = ModelAnimation.swift; sourceTree = "<group>"; };
		B6852D0F6B35365DF6A4D544 /* Pods-VostrikovAS_HW2.9.release.xcconfig */ = {isa = PBXFileReference; includeInIndex = 1; lastKnownFileType = text.xcconfig; name = "Pods-VostrikovAS_HW2.9.release.xcconfig"; path = "Target Support Files/Pods-VostrikovAS_HW2.9/Pods-VostrikovAS_HW2.9.release.xcconfig"; sourceTree = "<group>"; };
		C21FBA464F9FE4224331D635 /* Pods_VostrikovAS_HW2_9.framework */ = {isa = PBXFileReference; explicitFileType = wrapper.framework; includeInIndex = 0; path = Pods_VostrikovAS_HW2_9.framework; sourceTree = BUILT_PRODUCTS_DIR; };
		DBE6ACD735DEEEDB34CE03BE /* Pods-VostrikovAS_HW2.9.debug.xcconfig */ = {isa = PBXFileReference; includeInIndex = 1; lastKnownFileType = text.xcconfig; name = "Pods-VostrikovAS_HW2.9.debug.xcconfig"; path = "Target Support Files/Pods-VostrikovAS_HW2.9/Pods-VostrikovAS_HW2.9.debug.xcconfig"; sourceTree = "<group>"; };
/* End PBXFileReference section */

/* Begin PBXFrameworksBuildPhase section */
		61AFC510230C6FC70068A077 /* Frameworks */ = {
			isa = PBXFrameworksBuildPhase;
			buildActionMask = 2147483647;
			files = (
				6D9A3304B7CB335B035C7880 /* Pods_VostrikovAS_HW2_9.framework in Frameworks */,
			);
			runOnlyForDeploymentPostprocessing = 0;
		};
/* End PBXFrameworksBuildPhase section */

/* Begin PBXGroup section */
		61AFC50A230C6FC70068A077 = {
			isa = PBXGroup;
			children = (
				61AFC515230C6FC70068A077 /* VostrikovAS_HW2.9 */,
				61AFC514230C6FC70068A077 /* Products */,
				89281432CF2879774C73B76B /* Pods */,
				82C077CF8AB2CF2982930029 /* Frameworks */,
			);
			sourceTree = "<group>";
		};
		61AFC514230C6FC70068A077 /* Products */ = {
			isa = PBXGroup;
			children = (
				61AFC513230C6FC70068A077 /* VostrikovAS_HW2.9.app */,
			);
			name = Products;
			sourceTree = "<group>";
		};
		61AFC515230C6FC70068A077 /* VostrikovAS_HW2.9 */ = {
			isa = PBXGroup;
			children = (
				61AFC516230C6FC70068A077 /* AppDelegate.swift */,
				61AFC518230C6FC70068A077 /* ViewController.swift */,
				61AFC51A230C6FC70068A077 /* Main.storyboard */,
				61AFC51D230C6FC80068A077 /* Assets.xcassets */,
				61AFC51F230C6FC80068A077 /* LaunchScreen.storyboard */,
				61AFC522230C6FC80068A077 /* Info.plist */,
				61AFC528230C79CF0068A077 /* ModelAnimation.swift */,
			);
			path = VostrikovAS_HW2.9;
			sourceTree = "<group>";
		};
		82C077CF8AB2CF2982930029 /* Frameworks */ = {
			isa = PBXGroup;
			children = (
				C21FBA464F9FE4224331D635 /* Pods_VostrikovAS_HW2_9.framework */,
			);
			name = Frameworks;
			sourceTree = "<group>";
		};
		89281432CF2879774C73B76B /* Pods */ = {
			isa = PBXGroup;
			children = (
				DBE6ACD735DEEEDB34CE03BE /* Pods-VostrikovAS_HW2.9.debug.xcconfig */,
				B6852D0F6B35365DF6A4D544 /* Pods-VostrikovAS_HW2.9.release.xcconfig */,
			);
			path = Pods;
			sourceTree = "<group>";
		};
/* End PBXGroup section */

/* Begin PBXNativeTarget section */
		61AFC512230C6FC70068A077 /* VostrikovAS_HW2.9 */ = {
			isa = PBXNativeTarget;
			buildConfigurationList = 61AFC525230C6FC80068A077 /* Build configuration list for PBXNativeTarget "VostrikovAS_HW2.9" */;
			buildPhases = (
				C1E8DDA36CB55DE019516F8B /* [CP] Check Pods Manifest.lock */,
				61AFC50F230C6FC70068A077 /* Sources */,
				61AFC510230C6FC70068A077 /* Frameworks */,
				61AFC511230C6FC70068A077 /* Resources */,
				824FE5D581925B48963B57DC /* [CP] Embed Pods Frameworks */,
			);
			buildRules = (
			);
			dependencies = (
			);
			name = VostrikovAS_HW2.9;
			productName = VostrikovAS_HW2.9;
			productReference = 61AFC513230C6FC70068A077 /* VostrikovAS_HW2.9.app */;
			productType = "com.apple.product-type.application";
		};
/* End PBXNativeTarget section */

/* Begin PBXProject section */
		61AFC50B230C6FC70068A077 /* Project object */ = {
			isa = PBXProject;
			attributes = {
				LastSwiftUpdateCheck = 1030;
				LastUpgradeCheck = 1030;
				ORGANIZATIONNAME = "Александр Востриков";
				TargetAttributes = {
					61AFC512230C6FC70068A077 = {
						CreatedOnToolsVersion = 10.3;
					};
				};
			};
			buildConfigurationList = 61AFC50E230C6FC70068A077 /* Build configuration list for PBXProject "VostrikovAS_HW2.9" */;
			compatibilityVersion = "Xcode 9.3";
			developmentRegion = en;
			hasScannedForEncodings = 0;
			knownRegions = (
				en,
				Base,
			);
			mainGroup = 61AFC50A230C6FC70068A077;
			productRefGroup = 61AFC514230C6FC70068A077 /* Products */;
			projectDirPath = "";
			projectRoot = "";
			targets = (
				61AFC512230C6FC70068A077 /* VostrikovAS_HW2.9 */,
			);
		};
/* End PBXProject section */

/* Begin PBXResourcesBuildPhase section */
		61AFC511230C6FC70068A077 /* Resources */ = {
			isa = PBXResourcesBuildPhase;
			buildActionMask = 2147483647;
			files = (
				61AFC521230C6FC80068A077 /* LaunchScreen.storyboard in Resources */,
				61AFC51E230C6FC80068A077 /* Assets.xcassets in Resources */,
				61AFC51C230C6FC70068A077 /* Main.storyboard in Resources */,
			);
			runOnlyForDeploymentPostprocessing = 0;
		};
/* End PBXResourcesBuildPhase section */

/* Begin PBXShellScriptBuildPhase section */
		824FE5D581925B48963B57DC /* [CP] Embed Pods Frameworks */ = {
			isa = PBXShellScriptBuildPhase;
			buildActionMask = 2147483647;
			files = (
			);
			inputFileListPaths = (
				"${PODS_ROOT}/Target Support Files/Pods-VostrikovAS_HW2.9/Pods-VostrikovAS_HW2.9-frameworks-${CONFIGURATION}-input-files.xcfilelist",
			);
			name = "[CP] Embed Pods Frameworks";
			outputFileListPaths = (
				"${PODS_ROOT}/Target Support Files/Pods-VostrikovAS_HW2.9/Pods-VostrikovAS_HW2.9-frameworks-${CONFIGURATION}-output-files.xcfilelist",
			);
			runOnlyForDeploymentPostprocessing = 0;
			shellPath = /bin/sh;
			shellScript = "\"${PODS_ROOT}/Target Support Files/Pods-VostrikovAS_HW2.9/Pods-VostrikovAS_HW2.9-frameworks.sh\"\n";
			showEnvVarsInLog = 0;
		};
		C1E8DDA36CB55DE019516F8B /* [CP] Check Pods Manifest.lock */ = {
			isa = PBXShellScriptBuildPhase;
			buildActionMask = 2147483647;
			files = (
			);
			inputFileListPaths = (
			);
			inputPaths = (
				"${PODS_PODFILE_DIR_PATH}/Podfile.lock",
				"${PODS_ROOT}/Manifest.lock",
			);
			name = "[CP] Check Pods Manifest.lock";
			outputFileListPaths = (
			);
			outputPaths = (
				"$(DERIVED_FILE_DIR)/Pods-VostrikovAS_HW2.9-checkManifestLockResult.txt",
			);
			runOnlyForDeploymentPostprocessing = 0;
			shellPath = /bin/sh;
			shellScript = "diff \"${PODS_PODFILE_DIR_PATH}/Podfile.lock\" \"${PODS_ROOT}/Manifest.lock\" > /dev/null\nif [ $? != 0 ] ; then\n    # print error to STDERR\n    echo \"error: The sandbox is not in sync with the Podfile.lock. Run 'pod install' or update your CocoaPods installation.\" >&2\n    exit 1\nfi\n# This output is used by Xcode 'outputs' to avoid re-running this script phase.\necho \"SUCCESS\" > \"${SCRIPT_OUTPUT_FILE_0}\"\n";
			showEnvVarsInLog = 0;
		};
/* End PBXShellScriptBuildPhase section */

/* Begin PBXSourcesBuildPhase section */
		61AFC50F230C6FC70068A077 /* Sources */ = {
			isa = PBXSourcesBuildPhase;
			buildActionMask = 2147483647;
			files = (
				61AFC519230C6FC70068A077 /* ViewController.swift in Sources */,
				61AFC529230C79CF0068A077 /* ModelAnimation.swift in Sources */,
				61AFC517230C6FC70068A077 /* AppDelegate.swift in Sources */,
			);
			runOnlyForDeploymentPostprocessing = 0;
		};
/* End PBXSourcesBuildPhase section */

/* Begin PBXVariantGroup section */
		61AFC51A230C6FC70068A077 /* Main.storyboard */ = {
			isa = PBXVariantGroup;
			children = (
				61AFC51B230C6FC70068A077 /* Base */,
			);
			name = Main.storyboard;
			sourceTree = "<group>";
		};
		61AFC51F230C6FC80068A077 /* LaunchScreen.storyboard */ = {
			isa = PBXVariantGroup;
			children = (
				61AFC520230C6FC80068A077 /* Base */,
			);
			name = LaunchScreen.storyboard;
			sourceTree = "<group>";
		};
/* End PBXVariantGroup section */

/* Begin XCBuildConfiguration section */
		61AFC523230C6FC80068A077 /* Debug */ = {
			isa = XCBuildConfiguration;
			buildSettings = {
				ALWAYS_SEARCH_USER_PATHS = NO;
				CLANG_ANALYZER_NONNULL = YES;
				CLANG_ANALYZER_NUMBER_OBJECT_CONVERSION = YES_AGGRESSIVE;
				CLANG_CXX_LANGUAGE_STANDARD = "gnu++14";
				CLANG_CXX_LIBRARY = "libc++";
				CLANG_ENABLE_MODULES = YES;
				CLANG_ENABLE_OBJC_ARC = YES;
				CLANG_ENABLE_OBJC_WEAK = YES;
				CLANG_WARN_BLOCK_CAPTURE_AUTORELEASING = YES;
				CLANG_WARN_BOOL_CONVERSION = YES;
				CLANG_WARN_COMMA = YES;
				CLANG_WARN_CONSTANT_CONVERSION = YES;
				CLANG_WARN_DEPRECATED_OBJC_IMPLEMENTATIONS = YES;
				CLANG_WARN_DIRECT_OBJC_ISA_USAGE = YES_ERROR;
				CLANG_WARN_DOCUMENTATION_COMMENTS = YES;
				CLANG_WARN_EMPTY_BODY = YES;
				CLANG_WARN_ENUM_CONVERSION = YES;
				CLANG_WARN_INFINITE_RECURSION = YES;
				CLANG_WARN_INT_CONVERSION = YES;
				CLANG_WARN_NON_LITERAL_NULL_CONVERSION = YES;
				CLANG_WARN_OBJC_IMPLICIT_RETAIN_SELF = YES;
				CLANG_WARN_OBJC_LITERAL_CONVERSION = YES;
				CLANG_WARN_OBJC_ROOT_CLASS = YES_ERROR;
				CLANG_WARN_RANGE_LOOP_ANALYSIS = YES;
				CLANG_WARN_STRICT_PROTOTYPES = YES;
				CLANG_WARN_SUSPICIOUS_MOVE = YES;
				CLANG_WARN_UNGUARDED_AVAILABILITY = YES_AGGRESSIVE;
				CLANG_WARN_UNREACHABLE_CODE = YES;
				CLANG_WARN__DUPLICATE_METHOD_MATCH = YES;
				CODE_SIGN_IDENTITY = "iPhone Developer";
				COPY_PHASE_STRIP = NO;
				DEBUG_INFORMATION_FORMAT = dwarf;
				ENABLE_STRICT_OBJC_MSGSEND = YES;
				ENABLE_TESTABILITY = YES;
				GCC_C_LANGUAGE_STANDARD = gnu11;
				GCC_DYNAMIC_NO_PIC = NO;
				GCC_NO_COMMON_BLOCKS = YES;
				GCC_OPTIMIZATION_LEVEL = 0;
				GCC_PREPROCESSOR_DEFINITIONS = (
					"DEBUG=1",
					"$(inherited)",
				);
				GCC_WARN_64_TO_32_BIT_CONVERSION = YES;
				GCC_WARN_ABOUT_RETURN_TYPE = YES_ERROR;
				GCC_WARN_UNDECLARED_SELECTOR = YES;
				GCC_WARN_UNINITIALIZED_AUTOS = YES_AGGRESSIVE;
				GCC_WARN_UNUSED_FUNCTION = YES;
				GCC_WARN_UNUSED_VARIABLE = YES;
				IPHONEOS_DEPLOYMENT_TARGET = 12.4;
				MTL_ENABLE_DEBUG_INFO = INCLUDE_SOURCE;
				MTL_FAST_MATH = YES;
				ONLY_ACTIVE_ARCH = YES;
				SDKROOT = iphoneos;
				SWIFT_ACTIVE_COMPILATION_CONDITIONS = DEBUG;
				SWIFT_OPTIMIZATION_LEVEL = "-Onone";
			};
			name = Debug;
		};
		61AFC524230C6FC80068A077 /* Release */ = {
			isa = XCBuildConfiguration;
			buildSettings = {
				ALWAYS_SEARCH_USER_PATHS = NO;
				CLANG_ANALYZER_NONNULL = YES;
				CLANG_ANALYZER_NUMBER_OBJECT_CONVERSION = YES_AGGRESSIVE;
				CLANG_CXX_LANGUAGE_STANDARD = "gnu++14";
				CLANG_CXX_LIBRARY = "libc++";
				CLANG_ENABLE_MODULES = YES;
				CLANG_ENABLE_OBJC_ARC = YES;
				CLANG_ENABLE_OBJC_WEAK = YES;
				CLANG_WARN_BLOCK_CAPTURE_AUTORELEASING = YES;
				CLANG_WARN_BOOL_CONVERSION = YES;
				CLANG_WARN_COMMA = YES;
				CLANG_WARN_CONSTANT_CONVERSION = YES;
				CLANG_WARN_DEPRECATED_OBJC_IMPLEMENTATIONS = YES;
				CLANG_WARN_DIRECT_OBJC_ISA_USAGE = YES_ERROR;
				CLANG_WARN_DOCUMENTATION_COMMENTS = YES;
				CLANG_WARN_EMPTY_BODY = YES;
				CLANG_WARN_ENUM_CONVERSION = YES;
				CLANG_WARN_INFINITE_RECURSION = YES;
				CLANG_WARN_INT_CONVERSION = YES;
				CLANG_WARN_NON_LITERAL_NULL_CONVERSION = YES;
				CLANG_WARN_OBJC_IMPLICIT_RETAIN_SELF = YES;
				CLANG_WARN_OBJC_LITERAL_CONVERSION = YES;
				CLANG_WARN_OBJC_ROOT_CLASS = YES_ERROR;
				CLANG_WARN_RANGE_LOOP_ANALYSIS = YES;
				CLANG_WARN_STRICT_PROTOTYPES = YES;
				CLANG_WARN_SUSPICIOUS_MOVE = YES;
				CLANG_WARN_UNGUARDED_AVAILABILITY = YES_AGGRESSIVE;
				CLANG_WARN_UNREACHABLE_CODE = YES;
				CLANG_WARN__DUPLICATE_METHOD_MATCH = YES;
				CODE_SIGN_IDENTITY = "iPhone Developer";
				COPY_PHASE_STRIP = NO;
				DEBUG_INFORMATION_FORMAT = "dwarf-with-dsym";
				ENABLE_NS_ASSERTIONS = NO;
				ENABLE_STRICT_OBJC_MSGSEND = YES;
				GCC_C_LANGUAGE_STANDARD = gnu11;
				GCC_NO_COMMON_BLOCKS = YES;
				GCC_WARN_64_TO_32_BIT_CONVERSION = YES;
				GCC_WARN_ABOUT_RETURN_TYPE = YES_ERROR;
				GCC_WARN_UNDECLARED_SELECTOR = YES;
				GCC_WARN_UNINITIALIZED_AUTOS = YES_AGGRESSIVE;
				GCC_WARN_UNUSED_FUNCTION = YES;
				GCC_WARN_UNUSED_VARIABLE = YES;
				IPHONEOS_DEPLOYMENT_TARGET = 12.4;
				MTL_ENABLE_DEBUG_INFO = NO;
				MTL_FAST_MATH = YES;
				SDKROOT = iphoneos;
				SWIFT_COMPILATION_MODE = wholemodule;
				SWIFT_OPTIMIZATION_LEVEL = "-O";
				VALIDATE_PRODUCT = YES;
			};
			name = Release;
		};
		61AFC526230C6FC80068A077 /* Debug */ = {
			isa = XCBuildConfiguration;
			baseConfigurationReference = DBE6ACD735DEEEDB34CE03BE /* Pods-VostrikovAS_HW2.9.debug.xcconfig */;
			buildSettings = {
				ASSETCATALOG_COMPILER_APPICON_NAME = AppIcon;
				CODE_SIGN_STYLE = Automatic;
				DEVELOPMENT_TEAM = 5BPW3NPX5G;
				INFOPLIST_FILE = VostrikovAS_HW2.9/Info.plist;
				LD_RUNPATH_SEARCH_PATHS = (
					"$(inherited)",
					"@executable_path/Frameworks",
				);
				PRODUCT_BUNDLE_IDENTIFIER = "com.AptimiCt.VostrikovAS-HW2-9";
				PRODUCT_NAME = "$(TARGET_NAME)";
				SWIFT_VERSION = 5.0;
				TARGETED_DEVICE_FAMILY = "1,2";
			};
			name = Debug;
		};
		61AFC527230C6FC80068A077 /* Release */ = {
			isa = XCBuildConfiguration;
			baseConfigurationReference = B6852D0F6B35365DF6A4D544 /* Pods-VostrikovAS_HW2.9.release.xcconfig */;
			buildSettings = {
				ASSETCATALOG_COMPILER_APPICON_NAME = AppIcon;
				CODE_SIGN_STYLE = Automatic;
				DEVELOPMENT_TEAM = 5BPW3NPX5G;
				INFOPLIST_FILE = VostrikovAS_HW2.9/Info.plist;
				LD_RUNPATH_SEARCH_PATHS = (
					"$(inherited)",
					"@executable_path/Frameworks",
				);
				PRODUCT_BUNDLE_IDENTIFIER = "com.AptimiCt.VostrikovAS-HW2-9";
				PRODUCT_NAME = "$(TARGET_NAME)";
				SWIFT_VERSION = 5.0;
				TARGETED_DEVICE_FAMILY = "1,2";
			};
			name = Release;
		};
/* End XCBuildConfiguration section */

/* Begin XCConfigurationList section */
		61AFC50E230C6FC70068A077 /* Build configuration list for PBXProject "VostrikovAS_HW2.9" */ = {
			isa = XCConfigurationList;
			buildConfigurations = (
				61AFC523230C6FC80068A077 /* Debug */,
				61AFC524230C6FC80068A077 /* Release */,
			);
			defaultConfigurationIsVisible = 0;
			defaultConfigurationName = Release;
		};
		61AFC525230C6FC80068A077 /* Build configuration list for PBXNativeTarget "VostrikovAS_HW2.9" */ = {
			isa = XCConfigurationList;
			buildConfigurations = (
				61AFC526230C6FC80068A077 /* Debug */,
				61AFC527230C6FC80068A077 /* Release */,
			);
			defaultConfigurationIsVisible = 0;
			defaultConfigurationName = Release;
		};
/* End XCConfigurationList section */
	};
	rootObject = 61AFC50B230C6FC70068A077 /* Project object */;
}
